
Microsoft Visual Studio Solution File, Format Version 10.00
# Visual Studio 2008
Project("{8BC9CEB8-8B4A-11D0-8D11-00A0C91BC942}") = "KCBP_UI_Client", "KCBP_UI_Client\KCBP_UI_Client.vcproj", "{B9DEF0AB-8FE5-43CD-AB35-148D058288A7}"
EndProject
Global
	GlobalSection(SolutionConfigurationPlatforms) = preSolution
		Debug|Win32 = Debug|Win32
		Release|Win32 = Release|Win32
	EndGlobalSection
	GlobalSection(ProjectConfigurationPlatforms) = postSolution
		{B9DEF0AB-8FE5-43CD-AB35-148D058288A7}.Debug|Win32.ActiveCfg = Debug|Win32
		{B9DEF0AB-8FE5-43CD-AB35-148D058288A7}.Debug|Win32.Build.0 = Debug|Win32
		{B9DEF0AB-8FE5-43CD-AB35-148D058288A7}.Release|Win32.ActiveCfg = Release|Win32
		{B9DEF0AB-8FE5-43CD-AB35-148D058288A7}.Release|Win32.Build.0 = Release|Win32
	EndGlobalSection
	GlobalSection(SolutionProperties) = preSolution
		HideSolutionNode = FALSE
	EndGlobalSection
EndGlobal
