
Microsoft Visual Studio Solution File, Format Version 11.00
# Visual Studio 2010
Project("{8BC9CEB8-8B4A-11D0-8D11-00A0C91BC942}") = "breakpad_test", "breakpad_test\breakpad_test.vcxproj", "{26E758FD-C5E7-4E4A-AD5C-8ECEC17194C3}"
EndProject
Project("{8BC9CEB8-8B4A-11D0-8D11-00A0C91BC942}") = "yu_e_bao_sum", "yu_e_bao_sum\yu_e_bao_sum.vcxproj", "{9B5D620A-2D1F-48D7-B46F-59506C0D359E}"
EndProject
Global
	GlobalSection(SolutionConfigurationPlatforms) = preSolution
		Debug|Win32 = Debug|Win32
		Release|Win32 = Release|Win32
	EndGlobalSection
	GlobalSection(ProjectConfigurationPlatforms) = postSolution
		{26E758FD-C5E7-4E4A-AD5C-8ECEC17194C3}.Debug|Win32.ActiveCfg = Debug|Win32
		{26E758FD-C5E7-4E4A-AD5C-8ECEC17194C3}.Debug|Win32.Build.0 = Debug|Win32
		{26E758FD-C5E7-4E4A-AD5C-8ECEC17194C3}.Release|Win32.ActiveCfg = Release|Win32
		{26E758FD-C5E7-4E4A-AD5C-8ECEC17194C3}.Release|Win32.Build.0 = Release|Win32
		{9B5D620A-2D1F-48D7-B46F-59506C0D359E}.Debug|Win32.ActiveCfg = Debug|Win32
		{9B5D620A-2D1F-48D7-B46F-59506C0D359E}.Debug|Win32.Build.0 = Debug|Win32
		{9B5D620A-2D1F-48D7-B46F-59506C0D359E}.Release|Win32.ActiveCfg = Release|Win32
		{9B5D620A-2D1F-48D7-B46F-59506C0D359E}.Release|Win32.Build.0 = Release|Win32
	EndGlobalSection
	GlobalSection(SolutionProperties) = preSolution
		HideSolutionNode = FALSE
	EndGlobalSection
EndGlobal
