
Microsoft Visual Studio Solution File, Format Version 10.00
# Visual Studio 2008
Project("{8BC9CEB8-8B4A-11D0-8D11-00A0C91BC942}") = "stress_test", "stress_test\stress_test.vcproj", "{1EC59BD3-415E-463A-A0E9-C1DA58FEB5EF}"
EndProject
Project("{8BC9CEB8-8B4A-11D0-8D11-00A0C91BC942}") = "unit", "unit\unit.vcproj", "{CB5450B7-1D0E-4B9F-9D97-721984B41576}"
EndProject
Global
	GlobalSection(SolutionConfigurationPlatforms) = preSolution
		Debug|Win32 = Debug|Win32
		Release|Win32 = Release|Win32
	EndGlobalSection
	GlobalSection(ProjectConfigurationPlatforms) = postSolution
		{1EC59BD3-415E-463A-A0E9-C1DA58FEB5EF}.Debug|Win32.ActiveCfg = Debug|Win32
		{1EC59BD3-415E-463A-A0E9-C1DA58FEB5EF}.Debug|Win32.Build.0 = Debug|Win32
		{1EC59BD3-415E-463A-A0E9-C1DA58FEB5EF}.Release|Win32.ActiveCfg = Release|Win32
		{1EC59BD3-415E-463A-A0E9-C1DA58FEB5EF}.Release|Win32.Build.0 = Release|Win32
		{CB5450B7-1D0E-4B9F-9D97-721984B41576}.Debug|Win32.ActiveCfg = Debug|Win32
		{CB5450B7-1D0E-4B9F-9D97-721984B41576}.Debug|Win32.Build.0 = Debug|Win32
		{CB5450B7-1D0E-4B9F-9D97-721984B41576}.Release|Win32.ActiveCfg = Release|Win32
		{CB5450B7-1D0E-4B9F-9D97-721984B41576}.Release|Win32.Build.0 = Release|Win32
	EndGlobalSection
	GlobalSection(SolutionProperties) = preSolution
		HideSolutionNode = FALSE
	EndGlobalSection
EndGlobal
